{
  "name": "scale_schema_extractor",
  "version": "1.0.0",
  "lockfileVersion": 3,
  "requires": true,
  "packages": {
    "": {
      "name": "scale_schema_extractor",
      "version": "1.0.0",
      "license": "ISC",
      "devDependencies": {
        "@polkadot/types": "^16.4.3"
      }
    },
    "node_modules/@noble/curves": {
      "version": "1.9.6",
      "resolved": "https://registry.npmjs.org/@noble/curves/-/curves-1.9.6.tgz",
      "integrity": "sha512-GIKz/j99FRthB8icyJQA51E8Uk5hXmdyThjgQXRKiv9h0zeRlzSCLIzFw6K1LotZ3XuB7yzlf76qk7uBmTdFqA==",
      "dev": true,
      "license": "MIT",
      "dependencies": {
        "@noble/hashes": "1.8.0"
      },
      "engines": {
        "node": "^14.21.3 || >=16"
      },
      "funding": {
        "url": "https://paulmillr.com/funding/"
      }
    },
    "node_modules/@noble/hashes": {
      "version": "1.8.0",
      "resolved": "https://registry.npmjs.org/@noble/hashes/-/hashes-1.8.0.tgz",
      "integrity": "sha512-jCs9ldd7NwzpgXDIf6P3+NrHh9/sD6CQdxHyjQI+h/6rDNo88ypBxxz45UDuZHz9r3tNz7N/VInSVoVdtXEI4A==",
      "dev": true,
      "license": "MIT",
      "engines": {
        "node": "^14.21.3 || >=16"
      },
      "funding": {
        "url": "https://paulmillr.com/funding/"
      }
    },
    "node_modules/@polkadot/keyring": {
      "version": "13.5.5",
      "resolved": "https://registry.npmjs.org/@polkadot/keyring/-/keyring-13.5.5.tgz",
      "integrity": "sha512-ijk3nuol67CBvI5V2ruWC6M7VjapE/GyF4F3tk5yp+psEwC98UQjhX+ykzek+9CMSV0C/dTVBbHsmeFIfnWhVw==",
      "dev": true,
      "license": "Apache-2.0",
      "dependencies": {
        "@polkadot/util": "13.5.5",
        "@polkadot/util-crypto": "13.5.5",
        "tslib": "^2.8.0"
      },
      "engines": {
        "node": ">=18"
      },
      "peerDependencies": {
        "@polkadot/util": "13.5.5",
        "@polkadot/util-crypto": "13.5.5"
      }
    },
    "node_modules/@polkadot/networks": {
      "version": "13.5.5",
      "resolved": "https://registry.npmjs.org/@polkadot/networks/-/networks-13.5.5.tgz",
      "integrity": "sha512-gTaKVSDRxjNAQ/oFMA83DXOo8A+/LP4XePbEHxNCku/Ox5R3IYGKTeZhlHgYtUZvdZgK+miyroEyz1Eq6Z9p+Q==",
      "dev": true,
      "license": "Apache-2.0",
      "dependencies": {
        "@polkadot/util": "13.5.5",
        "@substrate/ss58-registry": "^1.51.0",
        "tslib": "^2.8.0"
      },
      "engines": {
        "node": ">=18"
      }
    },
    "node_modules/@polkadot/types": {
      "version": "16.4.3",
      "resolved": "https://registry.npmjs.org/@polkadot/types/-/types-16.4.3.tgz",
      "integrity": "sha512-QkyNbjw0+yw+fHJoE1EDaxs3IiqZMqrBq8XnlpqPr3OohzhkkB1r3cM25dl3bnfX99Y13HgYtQIFqKPDb1hgpw==",
      "dev": true,
      "license": "Apache-2.0",
      "dependencies": {
        "@polkadot/keyring": "^13.5.4",
        "@polkadot/types-augment": "16.4.3",
        "@polkadot/types-codec": "16.4.3",
        "@polkadot/types-create": "16.4.3",
        "@polkadot/util": "^13.5.4",
        "@polkadot/util-crypto": "^13.5.4",
        "rxjs": "^7.8.1",
        "tslib": "^2.8.1"
      },
      "engines": {
        "node": ">=18"
      }
    },
    "node_modules/@polkadot/types-augment": {
      "version": "16.4.3",
      "resolved": "https://registry.npmjs.org/@polkadot/types-augment/-/types-augment-16.4.3.tgz",
      "integrity": "sha512-p2xaPeC1OqtPeOqyAMrvH6hiegz3wNRrWtYC/HDfVPzwYS5/rxID8Zl+qUp7DEB+6Sn8EKHdqZWyAhwsHOM+Yg==",
      "dev": true,
      "license": "Apache-2.0",
      "dependencies": {
        "@polkadot/types": "16.4.3",
        "@polkadot/types-codec": "16.4.3",
        "@polkadot/util": "^13.5.4",
        "tslib": "^2.8.1"
      },
      "engines": {
        "node": ">=18"
      }
    },
    "node_modules/@polkadot/types-codec": {
      "version": "16.4.3",
      "resolved": "https://registry.npmjs.org/@polkadot/types-codec/-/types-codec-16.4.3.tgz",
      "integrity": "sha512-tsezTQwwf6dnCK9ShKt3HbzTH+8nWYYhdcExwx90PYIXUmMb0zbK5bfVLSyh1VvcSy6a9TeBR/AiL6n8/c5gDg==",
      "dev": true,
      "license": "Apache-2.0",
      "dependencies": {
        "@polkadot/util": "^13.5.4",
        "@polkadot/x-bigint": "^13.5.4",
        "tslib": "^2.8.1"
      },
      "engines": {
        "node": ">=18"
      }
    },
    "node_modules/@polkadot/types-create": {
      "version": "16.4.3",
      "resolved": "https://registry.npmjs.org/@polkadot/types-create/-/types-create-16.4.3.tgz",
      "integrity": "sha512-DVBn4hZ6IJhfmRCZfaHaF40nGooLHEzLaIm4O3w4fw10msk37EcZqbC1sCviSfu5E3vtDVQEIAmI+EYN3Ao3cA==",
      "dev": true,
      "license": "Apache-2.0",
      "dependencies": {
        "@polkadot/types-codec": "16.4.3",
        "@polkadot/util": "^13.5.4",
        "tslib": "^2.8.1"
      },
      "engines": {
        "node": ">=18"
      }
    },
    "node_modules/@polkadot/util": {
      "version": "13.5.5",
      "resolved": "https://registry.npmjs.org/@polkadot/util/-/util-13.5.5.tgz",
      "integrity": "sha512-O3sGI8vWmv5o1cd8fDkc+cZGpUsG+ZUFAOitgv6bRt5llaBqS5VpTrUANEjfgUMgUuTn7Y2cPKGDLItYr5WnUg==",
      "dev": true,
      "license": "Apache-2.0",
      "dependencies": {
        "@polkadot/x-bigint": "13.5.5",
        "@polkadot/x-global": "13.5.5",
        "@polkadot/x-textdecoder": "13.5.5",
        "@polkadot/x-textencoder": "13.5.5",
        "@types/bn.js": "^5.1.6",
        "bn.js": "^5.2.1",
        "tslib": "^2.8.0"
      },
      "engines": {
        "node": ">=18"
      }
    },
    "node_modules/@polkadot/util-crypto": {
      "version": "13.5.5",
      "resolved": "https://registry.npmjs.org/@polkadot/util-crypto/-/util-crypto-13.5.5.tgz",
      "integrity": "sha512-LAHarViiPwjrXl05fXOV5pW6jvK8A0Y6uIJnttSSERjTKqG5O4VtgRAcqLXShTp1rEVE5T4DaIX5xZd7azBHyg==",
      "dev": true,
      "license": "Apache-2.0",
      "dependencies": {
        "@noble/curves": "^1.3.0",
        "@noble/hashes": "^1.3.3",
        "@polkadot/networks": "13.5.5",
        "@polkadot/util": "13.5.5",
        "@polkadot/wasm-crypto": "^7.4.1",
        "@polkadot/wasm-util": "^7.4.1",
        "@polkadot/x-bigint": "13.5.5",
        "@polkadot/x-randomvalues": "13.5.5",
        "@scure/base": "^1.1.7",
        "tslib": "^2.8.0"
      },
      "engines": {
        "node": ">=18"
      },
      "peerDependencies": {
        "@polkadot/util": "13.5.5"
      }
    },
    "node_modules/@polkadot/wasm-bridge": {
      "version": "7.4.1",
      "resolved": "https://registry.npmjs.org/@polkadot/wasm-bridge/-/wasm-bridge-7.4.1.tgz",
      "integrity": "sha512-tdkJaV453tezBxhF39r4oeG0A39sPKGDJmN81LYLf+Fihb7astzwju+u75BRmDrHZjZIv00un3razJEWCxze6g==",
      "dev": true,
      "license": "Apache-2.0",
      "dependencies": {
        "@polkadot/wasm-util": "7.4.1",
        "tslib": "^2.7.0"
      },
      "engines": {
        "node": ">=18"
      },
      "peerDependencies": {
        "@polkadot/util": "*",
        "@polkadot/x-randomvalues": "*"
      }
    },
    "node_modules/@polkadot/wasm-crypto": {
      "version": "7.4.1",
      "resolved": "https://registry.npmjs.org/@polkadot/wasm-crypto/-/wasm-crypto-7.4.1.tgz",
      "integrity": "sha512-kHN/kF7hYxm1y0WeFLWeWir6oTzvcFmR4N8fJJokR+ajYbdmrafPN+6iLgQVbhZnDdxyv9jWDuRRsDnBx8tPMQ==",
      "dev": true,
      "license": "Apache-2.0",
      "dependencies": {
        "@polkadot/wasm-bridge": "7.4.1",
        "@polkadot/wasm-crypto-asmjs": "7.4.1",
        "@polkadot/wasm-crypto-init": "7.4.1",
        "@polkadot/wasm-crypto-wasm": "7.4.1",
        "@polkadot/wasm-util": "7.4.1",
        "tslib": "^2.7.0"
      },
      "engines": {
        "node": ">=18"
      },
      "peerDependencies": {
        "@polkadot/util": "*",
        "@polkadot/x-randomvalues": "*"
      }
    },
    "node_modules/@polkadot/wasm-crypto-asmjs": {
      "version": "7.4.1",
      "resolved": "https://registry.npmjs.org/@polkadot/wasm-crypto-asmjs/-/wasm-crypto-asmjs-7.4.1.tgz",
      "integrity": "sha512-pwU8QXhUW7IberyHJIQr37IhbB6DPkCG5FhozCiNTq4vFBsFPjm9q8aZh7oX1QHQaiAZa2m2/VjIVE+FHGbvHQ==",
      "dev": true,
      "license": "Apache-2.0",
      "dependencies": {
        "tslib": "^2.7.0"
      },
      "engines": {
        "node": ">=18"
      },
      "peerDependencies": {
        "@polkadot/util": "*"
      }
    },
    "node_modules/@polkadot/wasm-crypto-init": {
      "version": "7.4.1",
      "resolved": "https://registry.npmjs.org/@polkadot/wasm-crypto-init/-/wasm-crypto-init-7.4.1.tgz",
      "integrity": "sha512-AVka33+f7MvXEEIGq5U0dhaA2SaXMXnxVCQyhJTaCnJ5bRDj0Xlm3ijwDEQUiaDql7EikbkkRtmlvs95eSUWYQ==",
      "dev": true,
      "license": "Apache-2.0",
      "dependencies": {
        "@polkadot/wasm-bridge": "7.4.1",
        "@polkadot/wasm-crypto-asmjs": "7.4.1",
        "@polkadot/wasm-crypto-wasm": "7.4.1",
        "@polkadot/wasm-util": "7.4.1",
        "tslib": "^2.7.0"
      },
      "engines": {
        "node": ">=18"
      },
      "peerDependencies": {
        "@polkadot/util": "*",
        "@polkadot/x-randomvalues": "*"
      }
    },
    "node_modules/@polkadot/wasm-crypto-wasm": {
      "version": "7.4.1",
      "resolved": "https://registry.npmjs.org/@polkadot/wasm-crypto-wasm/-/wasm-crypto-wasm-7.4.1.tgz",
      "integrity": "sha512-PE1OAoupFR0ZOV2O8tr7D1FEUAwaggzxtfs3Aa5gr+yxlSOaWUKeqsOYe1KdrcjmZVV3iINEAXxgrbzCmiuONg==",
      "dev": true,
      "license": "Apache-2.0",
      "dependencies": {
        "@polkadot/wasm-util": "7.4.1",
        "tslib": "^2.7.0"
      },
      "engines": {
        "node": ">=18"
      },
      "peerDependencies": {
        "@polkadot/util": "*"
      }
    },
    "node_modules/@polkadot/wasm-util": {
      "version": "7.4.1",
      "resolved": "https://registry.npmjs.org/@polkadot/wasm-util/-/wasm-util-7.4.1.tgz",
      "integrity": "sha512-RAcxNFf3zzpkr+LX/ItAsvj+QyM56TomJ0xjUMo4wKkHjwsxkz4dWJtx5knIgQz/OthqSDMR59VNEycQeNuXzA==",
      "dev": true,
      "license": "Apache-2.0",
      "dependencies": {
        "tslib": "^2.7.0"
      },
      "engines": {
        "node": ">=18"
      },
      "peerDependencies": {
        "@polkadot/util": "*"
      }
    },
    "node_modules/@polkadot/x-bigint": {
      "version": "13.5.5",
      "resolved": "https://registry.npmjs.org/@polkadot/x-bigint/-/x-bigint-13.5.5.tgz",
      "integrity": "sha512-SAd7Lfdgp6mz+utkoML8MN9FqTMCuPfk7v5rLJnm9vHgXw5uYnycbjH5Uc7ZgQIQWtMXJV3thrlltMan5DUXtA==",
      "dev": true,
      "license": "Apache-2.0",
      "dependencies": {
        "@polkadot/x-global": "13.5.5",
        "tslib": "^2.8.0"
      },
      "engines": {
        "node": ">=18"
      }
    },
    "node_modules/@polkadot/x-global": {
      "version": "13.5.5",
      "resolved": "https://registry.npmjs.org/@polkadot/x-global/-/x-global-13.5.5.tgz",
      "integrity": "sha512-fw+VM191bodacSeieMm8Vmrym4jjevX08IINDcQTd1gIOjtE5CriJhwfBbAF4WnlTp/11jhhbX4/SvWMubXAzQ==",
      "dev": true,
      "license": "Apache-2.0",
      "dependencies": {
        "tslib": "^2.8.0"
      },
      "engines": {
        "node": ">=18"
      }
    },
    "node_modules/@polkadot/x-randomvalues": {
      "version": "13.5.5",
      "resolved": "https://registry.npmjs.org/@polkadot/x-randomvalues/-/x-randomvalues-13.5.5.tgz",
      "integrity": "sha512-W0AoNgr/NEVsHWegJUjUyI9Q1IoTHILIb/bkjyTcXTU3+2YFxP12ophhsI1dMaNbXqFotNyts7mNOsTVDnQNXA==",
      "dev": true,
      "license": "Apache-2.0",
      "dependencies": {
        "@polkadot/x-global": "13.5.5",
        "tslib": "^2.8.0"
      },
      "engines": {
        "node": ">=18"
      },
      "peerDependencies": {
        "@polkadot/util": "13.5.5",
        "@polkadot/wasm-util": "*"
      }
    },
    "node_modules/@polkadot/x-textdecoder": {
      "version": "13.5.5",
      "resolved": "https://registry.npmjs.org/@polkadot/x-textdecoder/-/x-textdecoder-13.5.5.tgz",
      "integrity": "sha512-KkZ1rqdJZ8tsRY0D5pLqfU8B/BrSQVEPMKHj4s/oc8dTrikfEUC+ELaH2jdrUqsZX6K/OTHjaF0J31YZcr7rCg==",
      "dev": true,
      "license": "Apache-2.0",
      "dependencies": {
        "@polkadot/x-global": "13.5.5",
        "tslib": "^2.8.0"
      },
      "engines": {
        "node": ">=18"
      }
    },
    "node_modules/@polkadot/x-textencoder": {
      "version": "13.5.5",
      "resolved": "https://registry.npmjs.org/@polkadot/x-textencoder/-/x-textencoder-13.5.5.tgz",
      "integrity": "sha512-yEgUUojBb4goYf4V5I7urdJ+W+1aI13U1kZmUwMc+/G2YQz8pX3s/Tyb/iuxU5MlFh0AZZXP5NqUnFol+vwNEg==",
      "dev": true,
      "license": "Apache-2.0",
      "dependencies": {
        "@polkadot/x-global": "13.5.5",
        "tslib": "^2.8.0"
      },
      "engines": {
        "node": ">=18"
      }
    },
    "node_modules/@scure/base": {
      "version": "1.2.6",
      "resolved": "https://registry.npmjs.org/@scure/base/-/base-1.2.6.tgz",
      "integrity": "sha512-g/nm5FgUa//MCj1gV09zTJTaM6KBAHqLN907YVQqf7zC49+DcO4B1so4ZX07Ef10Twr6nuqYEH9GEggFXA4Fmg==",
      "dev": true,
      "license": "MIT",
      "funding": {
        "url": "https://paulmillr.com/funding/"
      }
    },
    "node_modules/@substrate/ss58-registry": {
      "version": "1.51.0",
      "resolved": "https://registry.npmjs.org/@substrate/ss58-registry/-/ss58-registry-1.51.0.tgz",
      "integrity": "sha512-TWDurLiPxndFgKjVavCniytBIw+t4ViOi7TYp9h/D0NMmkEc9klFTo+827eyEJ0lELpqO207Ey7uGxUa+BS1jQ==",
      "dev": true,
      "license": "Apache-2.0"
    },
    "node_modules/@types/bn.js": {
      "version": "5.2.0",
      "resolved": "https://registry.npmjs.org/@types/bn.js/-/bn.js-5.2.0.tgz",
      "integrity": "sha512-DLbJ1BPqxvQhIGbeu8VbUC1DiAiahHtAYvA0ZEAa4P31F7IaArc8z3C3BRQdWX4mtLQuABG4yzp76ZrS02Ui1Q==",
      "dev": true,
      "license": "MIT",
      "dependencies": {
        "@types/node": "*"
      }
    },
    "node_modules/@types/node": {
      "version": "24.2.1",
      "resolved": "https://registry.npmjs.org/@types/node/-/node-24.2.1.tgz",
      "integrity": "sha512-DRh5K+ka5eJic8CjH7td8QpYEV6Zo10gfRkjHCO3weqZHWDtAaSTFtl4+VMqOJ4N5jcuhZ9/l+yy8rVgw7BQeQ==",
      "dev": true,
      "license": "MIT",
      "dependencies": {
        "undici-types": "~7.10.0"
      }
    },
    "node_modules/bn.js": {
      "version": "5.2.2",
      "resolved": "https://registry.npmjs.org/bn.js/-/bn.js-5.2.2.tgz",
      "integrity": "sha512-v2YAxEmKaBLahNwE1mjp4WON6huMNeuDvagFZW+ASCuA/ku0bXR9hSMw0XpiqMoA3+rmnyck/tPRSFQkoC9Cuw==",
      "dev": true,
      "license": "MIT"
    },
    "node_modules/rxjs": {
      "version": "7.8.2",
      "resolved": "https://registry.npmjs.org/rxjs/-/rxjs-7.8.2.tgz",
      "integrity": "sha512-dhKf903U/PQZY6boNNtAGdWbG85WAbjT/1xYoZIC7FAY0yWapOBQVsVrDl58W86//e1VpMNBtRV4MaXfdMySFA==",
      "dev": true,
      "license": "Apache-2.0",
      "dependencies": {
        "tslib": "^2.1.0"
      }
    },
    "node_modules/tslib": {
      "version": "2.8.1",
      "resolved": "https://registry.npmjs.org/tslib/-/tslib-2.8.1.tgz",
      "integrity": "sha512-oJFu94HQb+KVduSUQL7wnpmqnfmLsOA/nAh6b6EH0wCEoK0/mPeXU6c3wKDV83MkOuHPRHtSXKKU99IBazS/2w==",
      "dev": true,
      "license": "0BSD"
    },
    "node_modules/undici-types": {
      "version": "7.10.0",
      "resolved": "https://registry.npmjs.org/undici-types/-/undici-types-7.10.0.tgz",
      "integrity": "sha512-t5Fy/nfn+14LuOc2KNYg75vZqClpAiqscVvMygNnlsHBFpSXdJaYtXMcdNLpl/Qvc3P2cB3s6lOV51nqsFq4ag==",
      "dev": true,
      "license": "MIT"
    }
  }
}
